
Microsoft Visual Studio Solution File, Format Version 12.00
# Visual Studio Version 16
VisualStudioVersion = 16.0.30907.101
MinimumVisualStudioVersion = 10.0.40219.1
Project("{FAE04EC0-301F-11D3-BF4B-00C04F79EFBC}") = "Ejercicio1", "PracticaPOO\Ejercicio1.csproj", "{A0DD10C1-2C17-4A8E-9433-A56BACFD8C1D}"
EndProject
Project("{FAE04EC0-301F-11D3-BF4B-00C04F79EFBC}") = "Ejercicio2", "Ejercicio2\Ejercicio2.csproj", "{3ABF5AD7-4568-40B0-8B9E-E1758AF716A8}"
EndProject
Project("{FAE04EC0-301F-11D3-BF4B-00C04F79EFBC}") = "Ejercicio3", "Ejercicio3\Ejercicio3.csproj", "{1352FB3C-43D8-4F6E-9347-7E141ED535DB}"
EndProject
Project("{FAE04EC0-301F-11D3-BF4B-00C04F79EFBC}") = "Ejercicio4", "Ejercicio4\Ejercicio4.csproj", "{655D5DD3-D552-45A2-A123-15AC87D2A517}"
EndProject
Global
	GlobalSection(SolutionConfigurationPlatforms) = preSolution
		Debug|Any CPU = Debug|Any CPU
		Release|Any CPU = Release|Any CPU
	EndGlobalSection
	GlobalSection(ProjectConfigurationPlatforms) = postSolution
		{A0DD10C1-2C17-4A8E-9433-A56BACFD8C1D}.Debug|Any CPU.ActiveCfg = Debug|Any CPU
		{A0DD10C1-2C17-4A8E-9433-A56BACFD8C1D}.Debug|Any CPU.Build.0 = Debug|Any CPU
		{A0DD10C1-2C17-4A8E-9433-A56BACFD8C1D}.Release|Any CPU.ActiveCfg = Release|Any CPU
		{A0DD10C1-2C17-4A8E-9433-A56BACFD8C1D}.Release|Any CPU.Build.0 = Release|Any CPU
		{3ABF5AD7-4568-40B0-8B9E-E1758AF716A8}.Debug|Any CPU.ActiveCfg = Debug|Any CPU
		{3ABF5AD7-4568-40B0-8B9E-E1758AF716A8}.Debug|Any CPU.Build.0 = Debug|Any CPU
		{3ABF5AD7-4568-40B0-8B9E-E1758AF716A8}.Release|Any CPU.ActiveCfg = Release|Any CPU
		{3ABF5AD7-4568-40B0-8B9E-E1758AF716A8}.Release|Any CPU.Build.0 = Release|Any CPU
		{1352FB3C-43D8-4F6E-9347-7E141ED535DB}.Debug|Any CPU.ActiveCfg = Debug|Any CPU
		{1352FB3C-43D8-4F6E-9347-7E141ED535DB}.Debug|Any CPU.Build.0 = Debug|Any CPU
		{1352FB3C-43D8-4F6E-9347-7E141ED535DB}.Release|Any CPU.ActiveCfg = Release|Any CPU
		{1352FB3C-43D8-4F6E-9347-7E141ED535DB}.Release|Any CPU.Build.0 = Release|Any CPU
		{655D5DD3-D552-45A2-A123-15AC87D2A517}.Debug|Any CPU.ActiveCfg = Debug|Any CPU
		{655D5DD3-D552-45A2-A123-15AC87D2A517}.Debug|Any CPU.Build.0 = Debug|Any CPU
		{655D5DD3-D552-45A2-A123-15AC87D2A517}.Release|Any CPU.ActiveCfg = Release|Any CPU
		{655D5DD3-D552-45A2-A123-15AC87D2A517}.Release|Any CPU.Build.0 = Release|Any CPU
	EndGlobalSection
	GlobalSection(SolutionProperties) = preSolution
		HideSolutionNode = FALSE
	EndGlobalSection
	GlobalSection(ExtensibilityGlobals) = postSolution
		SolutionGuid = {9A0F4729-030C-40F6-BFD3-16F3C2EE45D5}
	EndGlobalSection
EndGlobal
